
Microsoft Visual Studio Solution File, Format Version 12.00
# Visual Studio Version 17
VisualStudioVersion = 17.0.31912.275
MinimumVisualStudioVersion = 10.0.40219.1
Project("{FAE04EC0-301F-11D3-BF4B-00C04F79EFBC}") = "Derivco Casino Assesment", "Derivco Casino Assesment.csproj", "{5DB6AA6F-3ED7-4480-A320-34F257D2308D}"
EndProject
Global
	GlobalSection(SolutionConfigurationPlatforms) = preSolution
		Debug|Any CPU = Debug|Any CPU
		Release|Any CPU = Release|Any CPU
	EndGlobalSection
	GlobalSection(ProjectConfigurationPlatforms) = postSolution
		{5DB6AA6F-3ED7-4480-A320-34F257D2308D}.Debug|Any CPU.ActiveCfg = Debug|Any CPU
		{5DB6AA6F-3ED7-4480-A320-34F257D2308D}.Debug|Any CPU.Build.0 = Debug|Any CPU
		{5DB6AA6F-3ED7-4480-A320-34F257D2308D}.Release|Any CPU.ActiveCfg = Release|Any CPU
		{5DB6AA6F-3ED7-4480-A320-34F257D2308D}.Release|Any CPU.Build.0 = Release|Any CPU
	EndGlobalSection
	GlobalSection(SolutionProperties) = preSolution
		HideSolutionNode = FALSE
	EndGlobalSection
	GlobalSection(ExtensibilityGlobals) = postSolution
		SolutionGuid = {DACE8710-7946-466A-8999-D6FE690383CC}
	EndGlobalSection
EndGlobal
